<?xml version="1.0" encoding="utf-8"?>
<Project ToolsVersion="4.0" xmlns="http://schemas.microsoft.com/developer/msbuild/2003">
  <ItemGroup>
    <Filter Include="소스 파일">
      <UniqueIdentifier>{4FC737F1-C7A5-4376-A066-2A32D752A2FF}</UniqueIdentifier>
      <Extensions>cpp;c;cc;cxx;c++;cppm;ixx;def;odl;idl;hpj;bat;asm;asmx</Extensions>
    </Filter>
    <Filter Include="헤더 파일">
      <UniqueIdentifier>{93995380-89BD-4b04-88EB-625FBE52EBFB}</UniqueIdentifier>
      <Extensions>h;hh;hpp;hxx;h++;hm;inl;inc;ipp;xsd</Extensions>
    </Filter>
    <Filter Include="헤더 파일\Specifics">
      <UniqueIdentifier>{397eb9da-6c73-420a-b219-e61052e08b1e}</UniqueIdentifier>
    </Filter>
  </ItemGroup>
  <ItemGroup>
    <ClCompile Include="functional\Expected.ixx">
      <Filter>헤더 파일</Filter>
    </ClCompile>
    <ClCompile Include="functional\Identity.ixx">
      <Filter>헤더 파일</Filter>
    </ClCompile>
    <ClCompile Include="functional\LooseMonad.ixx">
      <Filter>헤더 파일</Filter>
    </ClCompile>
    <ClCompile Include="functional\Monad.ixx">
      <Filter>헤더 파일</Filter>
    </ClCompile>
    <ClCompile Include="functional\Option.ixx">
      <Filter>헤더 파일</Filter>
    </ClCompile>
    <ClCompile Include="concurrency\Locks.ixx">
      <Filter>헤더 파일</Filter>
    </ClCompile>
    <ClCompile Include="concurrency\Spinlock.ixx">
      <Filter>헤더 파일</Filter>
    </ClCompile>
    <ClCompile Include="concurrency\Thread.ixx">
      <Filter>헤더 파일</Filter>
    </ClCompile>
    <ClCompile Include="containers\Array.ixx">
      <Filter>헤더 파일</Filter>
    </ClCompile>
    <ClCompile Include="memory\Atomic.ixx">
      <Filter>헤더 파일</Filter>
    </ClCompile>
    <ClCompile Include="memory\Memory.ixx">
      <Filter>헤더 파일</Filter>
    </ClCompile>
    <ClCompile Include="memory\MemoryWatcher.ixx">
      <Filter>헤더 파일</Filter>
    </ClCompile>
    <ClCompile Include="reflection\Classifier.ixx">
      <Filter>헤더 파일</Filter>
    </ClCompile>
    <ClCompile Include="reflection\Indexer.ixx">
      <Filter>헤더 파일</Filter>
    </ClCompile>
    <ClCompile Include="reflection\Named.ixx">
      <Filter>헤더 파일</Filter>
    </ClCompile>
    <ClCompile Include="reflection\Reflection.ixx">
      <Filter>헤더 파일</Filter>
    </ClCompile>
    <ClCompile Include="reflection\Singleton.ixx">
      <Filter>헤더 파일</Filter>
    </ClCompile>
    <ClCompile Include="wrappers\String.ixx">
      <Filter>헤더 파일</Filter>
    </ClCompile>
    <ClCompile Include="main.cpp">
      <Filter>소스 파일</Filter>
    </ClCompile>
    <ClCompile Include="containers\Union.ixx">
      <Filter>헤더 파일</Filter>
    </ClCompile>
    <ClCompile Include="generic\Constraints.ixx">
      <Filter>헤더 파일</Filter>
    </ClCompile>
    <ClCompile Include="generic\Traits.ixx">
      <Filter>헤더 파일</Filter>
    </ClCompile>
    <ClCompile Include="meta\FixedString.ixx">
      <Filter>헤더 파일</Filter>
    </ClCompile>
    <ClCompile Include="meta\Meta.ixx">
      <Filter>헤더 파일</Filter>
    </ClCompile>
    <ClCompile Include="Tools\Error.ixx">
      <Filter>헤더 파일</Filter>
    </ClCompile>
    <ClCompile Include="Tools\Print.ixx">
      <Filter>헤더 파일</Filter>
    </ClCompile>
    <ClCompile Include="Tools\Utility.ixx">
      <Filter>헤더 파일</Filter>
    </ClCompile>
    <ClCompile Include="..\ThreadUnit.ixx">
      <Filter>헤더 파일</Filter>
    </ClCompile>
    <ClCompile Include="..\Time.ixx">
      <Filter>헤더 파일</Filter>
    </ClCompile>
    <ClCompile Include="..\DataPacker.ixx">
      <Filter>헤더 파일\Specifics</Filter>
    </ClCompile>
    <ClCompile Include="..\Deserialization.ixx">
      <Filter>헤더 파일\Specifics</Filter>
    </ClCompile>
    <ClCompile Include="..\Object.cc">
      <Filter>헤더 파일\Specifics</Filter>
    </ClCompile>
    <ClCompile Include="..\Serialization.ixx">
      <Filter>헤더 파일\Specifics</Filter>
    </ClCompile>
    <ClCompile Include="..\Testbed.cpp">
      <Filter>헤더 파일\Specifics</Filter>
    </ClCompile>
    <ClCompile Include="Coroutine.ixx">
      <Filter>헤더 파일</Filter>
    </ClCompile>
    <ClCompile Include="concurrency\CoPromise.ixx">
      <Filter>헤더 파일</Filter>
    </ClCompile>
    <ClCompile Include="concurrency\Generator.ixx">
      <Filter>헤더 파일</Filter>
    </ClCompile>
    <ClCompile Include="concurrency\Enumerator.ixx">
      <Filter>헤더 파일</Filter>
    </ClCompile>
    <ClCompile Include="concurrency\CoTask.ixx">
      <Filter>헤더 파일</Filter>
    </ClCompile>
  </ItemGroup>
  <ItemGroup>
    <Natvis Include="..\Utility.natvis" />
  </ItemGroup>
  <ItemGroup>
    <None Include="..\Deserialization.inl">
      <Filter>헤더 파일\Specifics</Filter>
    </None>
    <None Include="..\Serialization.inl">
      <Filter>헤더 파일\Specifics</Filter>
    </None>
  </ItemGroup>
</Project>