<?xml version="1.0" encoding="utf-8"?>
<Project ToolsVersion="4.0" xmlns="http://schemas.microsoft.com/developer/msbuild/2003">
  <ItemGroup>
    <Filter Include="소스 파일">
      <UniqueIdentifier>{4FC737F1-C7A5-4376-A066-2A32D752A2FF}</UniqueIdentifier>
      <Extensions>cpp;c;cc;cxx;c++;cppm;ixx;def;odl;idl;hpj;bat;asm;asmx</Extensions>
    </Filter>
    <Filter Include="헤더 파일">
      <UniqueIdentifier>{93995380-89BD-4b04-88EB-625FBE52EBFB}</UniqueIdentifier>
      <Extensions>h;hh;hpp;hxx;h++;hm;inl;inc;ipp;xsd</Extensions>
    </Filter>
    <Filter Include="헤더 파일\Specifics">
      <UniqueIdentifier>{397eb9da-6c73-420a-b219-e61052e08b1e}</UniqueIdentifier>
    </Filter>
    <Filter Include="헤더 파일\Reflection">
      <UniqueIdentifier>{20f6e1b3-15c8-4806-bfdf-08dcb7c6fd44}</UniqueIdentifier>
    </Filter>
    <Filter Include="헤더 파일\Coroutine">
      <UniqueIdentifier>{629532e1-7f55-4d12-aab9-693aa140b846}</UniqueIdentifier>
    </Filter>
    <Filter Include="헤더 파일\Concurrency">
      <UniqueIdentifier>{e233f24c-61ed-42b7-97e4-d99db5ad6a36}</UniqueIdentifier>
    </Filter>
    <Filter Include="헤더 파일\Meta">
      <UniqueIdentifier>{dbb035d6-32d5-4c47-8967-c0d85255f47d}</UniqueIdentifier>
    </Filter>
    <Filter Include="헤더 파일\Generic">
      <UniqueIdentifier>{7add4b30-078b-4a4f-abe1-3f4e38f38e7f}</UniqueIdentifier>
    </Filter>
    <Filter Include="헤더 파일\Functional">
      <UniqueIdentifier>{68c18d2f-00ad-4bb5-8237-aa62d90894a8}</UniqueIdentifier>
    </Filter>
    <Filter Include="헤더 파일\Memory">
      <UniqueIdentifier>{0342b122-1baa-47c8-ae14-2e7f4ce35e51}</UniqueIdentifier>
    </Filter>
    <Filter Include="헤더 파일\Container">
      <UniqueIdentifier>{12270362-3779-4b7e-9446-6ed9a47fe29e}</UniqueIdentifier>
    </Filter>
    <Filter Include="헤더 파일\IO">
      <UniqueIdentifier>{7905174f-9c32-4c73-8f7c-944a2cef7c10}</UniqueIdentifier>
    </Filter>
  </ItemGroup>
  <ItemGroup>
    <ClCompile Include="wrappers\String.ixx">
      <Filter>헤더 파일</Filter>
    </ClCompile>
    <ClCompile Include="main.cpp">
      <Filter>소스 파일</Filter>
    </ClCompile>
    <ClCompile Include="Tools\Error.ixx">
      <Filter>헤더 파일</Filter>
    </ClCompile>
    <ClCompile Include="Tools\Print.ixx">
      <Filter>헤더 파일</Filter>
    </ClCompile>
    <ClCompile Include="Tools\Utility.ixx">
      <Filter>헤더 파일</Filter>
    </ClCompile>
    <ClCompile Include="..\DataPacker.ixx">
      <Filter>헤더 파일\Specifics</Filter>
    </ClCompile>
    <ClCompile Include="..\Deserialization.ixx">
      <Filter>헤더 파일\Specifics</Filter>
    </ClCompile>
    <ClCompile Include="..\Object.cc">
      <Filter>헤더 파일\Specifics</Filter>
    </ClCompile>
    <ClCompile Include="..\Serialization.ixx">
      <Filter>헤더 파일\Specifics</Filter>
    </ClCompile>
    <ClCompile Include="..\Testbed.cpp">
      <Filter>헤더 파일\Specifics</Filter>
    </ClCompile>
    <ClCompile Include="concurrency\Thread.ixx">
      <Filter>헤더 파일\Concurrency</Filter>
    </ClCompile>
    <ClCompile Include="concurrency\Spinlock.ixx">
      <Filter>헤더 파일\Concurrency</Filter>
    </ClCompile>
    <ClCompile Include="concurrency\Locks.ixx">
      <Filter>헤더 파일\Concurrency</Filter>
    </ClCompile>
    <ClCompile Include="concurrency\CoIterator.ixx">
      <Filter>헤더 파일\Coroutine</Filter>
    </ClCompile>
    <ClCompile Include="concurrency\CoPromise.ixx">
      <Filter>헤더 파일\Coroutine</Filter>
    </ClCompile>
    <ClCompile Include="concurrency\CoTask.ixx">
      <Filter>헤더 파일\Coroutine</Filter>
    </ClCompile>
    <ClCompile Include="concurrency\Enumerator.ixx">
      <Filter>헤더 파일\Coroutine</Filter>
    </ClCompile>
    <ClCompile Include="concurrency\Generator.ixx">
      <Filter>헤더 파일\Coroutine</Filter>
    </ClCompile>
    <ClCompile Include="reflection\Reflection.ixx">
      <Filter>헤더 파일\Reflection</Filter>
    </ClCompile>
    <ClCompile Include="reflection\Singleton.ixx">
      <Filter>헤더 파일\Reflection</Filter>
    </ClCompile>
    <ClCompile Include="reflection\Named.ixx">
      <Filter>헤더 파일\Reflection</Filter>
    </ClCompile>
    <ClCompile Include="reflection\Indexer.ixx">
      <Filter>헤더 파일\Reflection</Filter>
    </ClCompile>
    <ClCompile Include="reflection\Classifier.ixx">
      <Filter>헤더 파일\Reflection</Filter>
    </ClCompile>
    <ClCompile Include="meta\FixedString.ixx">
      <Filter>헤더 파일\Meta</Filter>
    </ClCompile>
    <ClCompile Include="meta\Meta.ixx">
      <Filter>헤더 파일\Meta</Filter>
    </ClCompile>
    <ClCompile Include="generic\Constraints.ixx">
      <Filter>헤더 파일\Generic</Filter>
    </ClCompile>
    <ClCompile Include="generic\Traits.ixx">
      <Filter>헤더 파일\Generic</Filter>
    </ClCompile>
    <ClCompile Include="functional\Identity.ixx">
      <Filter>헤더 파일\Functional</Filter>
    </ClCompile>
    <ClCompile Include="functional\Expected.ixx">
      <Filter>헤더 파일\Functional</Filter>
    </ClCompile>
    <ClCompile Include="functional\LooseMonad.ixx">
      <Filter>헤더 파일\Functional</Filter>
    </ClCompile>
    <ClCompile Include="functional\Monad.ixx">
      <Filter>헤더 파일\Functional</Filter>
    </ClCompile>
    <ClCompile Include="functional\Option.ixx">
      <Filter>헤더 파일\Functional</Filter>
    </ClCompile>
    <ClCompile Include="memory\Atomic.ixx">
      <Filter>헤더 파일\Memory</Filter>
    </ClCompile>
    <ClCompile Include="memory\Memory.ixx">
      <Filter>헤더 파일\Memory</Filter>
    </ClCompile>
    <ClCompile Include="memory\MemoryWatcher.ixx">
      <Filter>헤더 파일\Memory</Filter>
    </ClCompile>
    <ClCompile Include="containers\Array.ixx">
      <Filter>헤더 파일\Container</Filter>
    </ClCompile>
    <ClCompile Include="containers\Union.ixx">
      <Filter>헤더 파일\Container</Filter>
    </ClCompile>
    <ClCompile Include="concurrency\Coroutine.ixx">
      <Filter>헤더 파일\Coroutine</Filter>
    </ClCompile>
    <ClCompile Include="concurrency\ThreadUnit.ixx">
      <Filter>헤더 파일</Filter>
    </ClCompile>
    <ClCompile Include="Tools\Time.ixx">
      <Filter>헤더 파일</Filter>
    </ClCompile>
    <ClCompile Include="CoLogic.ixx">
      <Filter>헤더 파일\Coroutine</Filter>
    </ClCompile>
    <ClCompile Include="reflection\Unique.ixx">
      <Filter>헤더 파일\Reflection</Filter>
    </ClCompile>
    <ClCompile Include="functional\Promise.ixx">
      <Filter>헤더 파일\Functional</Filter>
    </ClCompile>
    <ClCompile Include="Print.cpp">
      <Filter>소스 파일</Filter>
    </ClCompile>
    <ClCompile Include="Atom.ixx">
      <Filter>헤더 파일\Functional</Filter>
    </ClCompile>
  </ItemGroup>
  <ItemGroup>
    <Natvis Include="..\Utility.natvis" />
  </ItemGroup>
  <ItemGroup>
    <None Include="..\Deserialization.inl">
      <Filter>헤더 파일\Specifics</Filter>
    </None>
    <None Include="..\Serialization.inl">
      <Filter>헤더 파일\Specifics</Filter>
    </None>
  </ItemGroup>
</Project>