<?xml version="1.0" encoding="utf-8"?>
<Project ToolsVersion="4.0" xmlns="http://schemas.microsoft.com/developer/msbuild/2003">
  <ItemGroup>
    <Filter Include="소스 파일">
      <UniqueIdentifier>{4FC737F1-C7A5-4376-A066-2A32D752A2FF}</UniqueIdentifier>
      <Extensions>cpp;c;cc;cxx;c++;cppm;ixx;def;odl;idl;hpj;bat;asm;asmx</Extensions>
    </Filter>
    <Filter Include="헤더 파일">
      <UniqueIdentifier>{93995380-89BD-4b04-88EB-625FBE52EBFB}</UniqueIdentifier>
      <Extensions>h;hh;hpp;hxx;h++;hm;inl;inc;ipp;xsd</Extensions>
    </Filter>
  </ItemGroup>
  <ItemGroup>
    <ClCompile Include="FixedString.ixx">
      <Filter>헤더 파일</Filter>
    </ClCompile>
    <ClCompile Include="Error.ixx">
      <Filter>헤더 파일</Filter>
    </ClCompile>
    <ClCompile Include="Print.ixx">
      <Filter>헤더 파일</Filter>
    </ClCompile>
    <ClCompile Include="Utility.ixx">
      <Filter>헤더 파일</Filter>
    </ClCompile>
    <ClCompile Include="functional\Expected.ixx">
      <Filter>헤더 파일</Filter>
    </ClCompile>
    <ClCompile Include="functional\Identity.ixx">
      <Filter>헤더 파일</Filter>
    </ClCompile>
    <ClCompile Include="functional\LooseMonad.ixx">
      <Filter>헤더 파일</Filter>
    </ClCompile>
    <ClCompile Include="functional\Monad.ixx">
      <Filter>헤더 파일</Filter>
    </ClCompile>
    <ClCompile Include="functional\Option.ixx">
      <Filter>헤더 파일</Filter>
    </ClCompile>
    <ClCompile Include="functional\Union.ixx">
      <Filter>헤더 파일</Filter>
    </ClCompile>
    <ClCompile Include="concurrency\Locks.ixx">
      <Filter>헤더 파일</Filter>
    </ClCompile>
    <ClCompile Include="concurrency\Spinlock.ixx">
      <Filter>헤더 파일</Filter>
    </ClCompile>
    <ClCompile Include="concurrency\Thread.ixx">
      <Filter>헤더 파일</Filter>
    </ClCompile>
    <ClCompile Include="containers\Array.ixx">
      <Filter>헤더 파일</Filter>
    </ClCompile>
    <ClCompile Include="memory\Atomic.ixx">
      <Filter>헤더 파일</Filter>
    </ClCompile>
    <ClCompile Include="memory\Memory.ixx">
      <Filter>헤더 파일</Filter>
    </ClCompile>
    <ClCompile Include="memory\MemoryWatcher.ixx">
      <Filter>헤더 파일</Filter>
    </ClCompile>
    <ClCompile Include="meta\Constraints.ixx">
      <Filter>헤더 파일</Filter>
    </ClCompile>
    <ClCompile Include="meta\Meta.ixx">
      <Filter>헤더 파일</Filter>
    </ClCompile>
    <ClCompile Include="meta\Traits.ixx">
      <Filter>헤더 파일</Filter>
    </ClCompile>
    <ClCompile Include="reflection\Classifier.ixx">
      <Filter>헤더 파일</Filter>
    </ClCompile>
    <ClCompile Include="reflection\Indexer.ixx">
      <Filter>헤더 파일</Filter>
    </ClCompile>
    <ClCompile Include="reflection\Named.ixx">
      <Filter>헤더 파일</Filter>
    </ClCompile>
    <ClCompile Include="reflection\Reflection.ixx">
      <Filter>헤더 파일</Filter>
    </ClCompile>
    <ClCompile Include="reflection\Singleton.ixx">
      <Filter>헤더 파일</Filter>
    </ClCompile>
    <ClCompile Include="wrappers\String.ixx">
      <Filter>헤더 파일</Filter>
    </ClCompile>
  </ItemGroup>
</Project>